// !$*UTF8*$!
{
	archiveVersion = 1;
	classes = {
	};
	objectVersion = 46;
	objects = {

/* Begin PBXBuildFile section */
		178B5A35193E9A9A00774EE0 /* AppDelegate.swift in Sources */ = {isa = PBXBuildFile; fileRef = 178B5A34193E9A9A00774EE0 /* AppDelegate.swift */; };
		178B5A37193E9A9A00774EE0 /* ViewController.swift in Sources */ = {isa = PBXBuildFile; fileRef = 178B5A36193E9A9A00774EE0 /* ViewController.swift */; };
		178B5A3A193E9A9A00774EE0 /* Main.storyboard in Resources */ = {isa = PBXBuildFile; fileRef = 178B5A38193E9A9A00774EE0 /* Main.storyboard */; };
		178B5A3C193E9A9B00774EE0 /* Images.xcassets in Resources */ = {isa = PBXBuildFile; fileRef = 178B5A3B193E9A9B00774EE0 /* Images.xcassets */; };
		178B5A48193E9A9B00774EE0 /* JCDateGetterTests.swift in Sources */ = {isa = PBXBuildFile; fileRef = 178B5A47193E9A9B00774EE0 /* JCDateGetterTests.swift */; };
		178B5A52193E9AC200774EE0 /* JCDateGetter.swift in Sources */ = {isa = PBXBuildFile; fileRef = 178B5A51193E9AC200774EE0 /* JCDateGetter.swift */; };
/* End PBXBuildFile section */

/* Begin PBXContainerItemProxy section */
		178B5A42193E9A9B00774EE0 /* PBXContainerItemProxy */ = {
			isa = PBXContainerItemProxy;
			containerPortal = 178B5A27193E9A9A00774EE0 /* Project object */;
			proxyType = 1;
			remoteGlobalIDString = 178B5A2E193E9A9A00774EE0;
			remoteInfo = JCDateGetter;
		};
/* End PBXContainerItemProxy section */

/* Begin PBXFileReference section */
		178B5A2F193E9A9A00774EE0 /* JCDateGetter.app */ = {isa = PBXFileReference; explicitFileType = wrapper.application; includeInIndex = 0; path = JCDateGetter.app; sourceTree = BUILT_PRODUCTS_DIR; };
		178B5A33193E9A9A00774EE0 /* Info.plist */ = {isa = PBXFileReference; lastKnownFileType = text.plist.xml; path = Info.plist; sourceTree = "<group>"; };
		178B5A34193E9A9A00774EE0 /* AppDelegate.swift */ = {isa = PBXFileReference; lastKnownFileType = sourcecode.swift; path = AppDelegate.swift; sourceTree = "<group>"; };
		178B5A36193E9A9A00774EE0 /* ViewController.swift */ = {isa = PBXFileReference; lastKnownFileType = sourcecode.swift; path = ViewController.swift; sourceTree = "<group>"; };
		178B5A39193E9A9A00774EE0 /* Base */ = {isa = PBXFileReference; lastKnownFileType = file.storyboard; name = Base; path = Base.lproj/Main.storyboard; sourceTree = "<group>"; };
		178B5A3B193E9A9B00774EE0 /* Images.xcassets */ = {isa = PBXFileReference; lastKnownFileType = folder.assetcatalog; path = Images.xcassets; sourceTree = "<group>"; };
		178B5A41193E9A9B00774EE0 /* JCDateGetterTests.xctest */ = {isa = PBXFileReference; explicitFileType = wrapper.cfbundle; includeInIndex = 0; path = JCDateGetterTests.xctest; sourceTree = BUILT_PRODUCTS_DIR; };
		178B5A46193E9A9B00774EE0 /* Info.plist */ = {isa = PBXFileReference; lastKnownFileType = text.plist.xml; path = Info.plist; sourceTree = "<group>"; };
		178B5A47193E9A9B00774EE0 /* JCDateGetterTests.swift */ = {isa = PBXFileReference; lastKnownFileType = sourcecode.swift; path = JCDateGetterTests.swift; sourceTree = "<group>"; };
		178B5A51193E9AC200774EE0 /* JCDateGetter.swift */ = {isa = PBXFileReference; fileEncoding = 4; lastKnownFileType = sourcecode.swift; path = JCDateGetter.swift; sourceTree = "<group>"; };
/* End PBXFileReference section */

/* Begin PBXFrameworksBuildPhase section */
		178B5A2C193E9A9A00774EE0 /* Frameworks */ = {
			isa = PBXFrameworksBuildPhase;
			buildActionMask = 2147483647;
			files = (
			);
			runOnlyForDeploymentPostprocessing = 0;
		};
		178B5A3E193E9A9B00774EE0 /* Frameworks */ = {
			isa = PBXFrameworksBuildPhase;
			buildActionMask = 2147483647;
			files = (
			);
			runOnlyForDeploymentPostprocessing = 0;
		};
/* End PBXFrameworksBuildPhase section */

/* Begin PBXGroup section */
		178B5A26193E9A9A00774EE0 = {
			isa = PBXGroup;
			children = (
				178B5A31193E9A9A00774EE0 /* JCDateGetter */,
				178B5A44193E9A9B00774EE0 /* JCDateGetterTests */,
				178B5A30193E9A9A00774EE0 /* Products */,
			);
			sourceTree = "<group>";
		};
		178B5A30193E9A9A00774EE0 /* Products */ = {
			isa = PBXGroup;
			children = (
				178B5A2F193E9A9A00774EE0 /* JCDateGetter.app */,
				178B5A41193E9A9B00774EE0 /* JCDateGetterTests.xctest */,
			);
			name = Products;
			sourceTree = "<group>";
		};
		178B5A31193E9A9A00774EE0 /* JCDateGetter */ = {
			isa = PBXGroup;
			children = (
				178B5A34193E9A9A00774EE0 /* AppDelegate.swift */,
				178B5A36193E9A9A00774EE0 /* ViewController.swift */,
				178B5A38193E9A9A00774EE0 /* Main.storyboard */,
				178B5A3B193E9A9B00774EE0 /* Images.xcassets */,
				178B5A32193E9A9A00774EE0 /* Supporting Files */,
				178B5A51193E9AC200774EE0 /* JCDateGetter.swift */,
			);
			path = JCDateGetter;
			sourceTree = "<group>";
		};
		178B5A32193E9A9A00774EE0 /* Supporting Files */ = {
			isa = PBXGroup;
			children = (
				178B5A33193E9A9A00774EE0 /* Info.plist */,
			);
			name = "Supporting Files";
			sourceTree = "<group>";
		};
		178B5A44193E9A9B00774EE0 /* JCDateGetterTests */ = {
			isa = PBXGroup;
			children = (
				178B5A47193E9A9B00774EE0 /* JCDateGetterTests.swift */,
				178B5A45193E9A9B00774EE0 /* Supporting Files */,
			);
			path = JCDateGetterTests;
			sourceTree = "<group>";
		};
		178B5A45193E9A9B00774EE0 /* Supporting Files */ = {
			isa = PBXGroup;
			children = (
				178B5A46193E9A9B00774EE0 /* Info.plist */,
			);
			name = "Supporting Files";
			sourceTree = "<group>";
		};
/* End PBXGroup section */

/* Begin PBXNativeTarget section */
		178B5A2E193E9A9A00774EE0 /* JCDateGetter */ = {
			isa = PBXNativeTarget;
			buildConfigurationList = 178B5A4B193E9A9B00774EE0 /* Build configuration list for PBXNativeTarget "JCDateGetter" */;
			buildPhases = (
				178B5A2B193E9A9A00774EE0 /* Sources */,
				178B5A2C193E9A9A00774EE0 /* Frameworks */,
				178B5A2D193E9A9A00774EE0 /* Resources */,
			);
			buildRules = (
			);
			dependencies = (
			);
			name = JCDateGetter;
			productName = JCDateGetter;
			productReference = 178B5A2F193E9A9A00774EE0 /* JCDateGetter.app */;
			productType = "com.apple.product-type.application";
		};
		178B5A40193E9A9B00774EE0 /* JCDateGetterTests */ = {
			isa = PBXNativeTarget;
			buildConfigurationList = 178B5A4E193E9A9B00774EE0 /* Build configuration list for PBXNativeTarget "JCDateGetterTests" */;
			buildPhases = (
				178B5A3D193E9A9B00774EE0 /* Sources */,
				178B5A3E193E9A9B00774EE0 /* Frameworks */,
				178B5A3F193E9A9B00774EE0 /* Resources */,
			);
			buildRules = (
			);
			dependencies = (
				178B5A43193E9A9B00774EE0 /* PBXTargetDependency */,
			);
			name = JCDateGetterTests;
			productName = JCDateGetterTests;
			productReference = 178B5A41193E9A9B00774EE0 /* JCDateGetterTests.xctest */;
			productType = "com.apple.product-type.bundle.unit-test";
		};
/* End PBXNativeTarget section */

/* Begin PBXProject section */
		178B5A27193E9A9A00774EE0 /* Project object */ = {
			isa = PBXProject;
			attributes = {
				LastUpgradeCheck = 0600;
				ORGANIZATIONNAME = "Jordan Clifton";
				TargetAttributes = {
					178B5A2E193E9A9A00774EE0 = {
						CreatedOnToolsVersion = 6.0;
					};
					178B5A40193E9A9B00774EE0 = {
						CreatedOnToolsVersion = 6.0;
						TestTargetID = 178B5A2E193E9A9A00774EE0;
					};
				};
			};
			buildConfigurationList = 178B5A2A193E9A9A00774EE0 /* Build configuration list for PBXProject "JCDateGetter" */;
			compatibilityVersion = "Xcode 3.2";
			developmentRegion = English;
			hasScannedForEncodings = 0;
			knownRegions = (
				en,
				Base,
			);
			mainGroup = 178B5A26193E9A9A00774EE0;
			productRefGroup = 178B5A30193E9A9A00774EE0 /* Products */;
			projectDirPath = "";
			projectRoot = "";
			targets = (
				178B5A2E193E9A9A00774EE0 /* JCDateGetter */,
				178B5A40193E9A9B00774EE0 /* JCDateGetterTests */,
			);
		};
/* End PBXProject section */

/* Begin PBXResourcesBuildPhase section */
		178B5A2D193E9A9A00774EE0 /* Resources */ = {
			isa = PBXResourcesBuildPhase;
			buildActionMask = 2147483647;
			files = (
				178B5A3A193E9A9A00774EE0 /* Main.storyboard in Resources */,
				178B5A3C193E9A9B00774EE0 /* Images.xcassets in Resources */,
			);
			runOnlyForDeploymentPostprocessing = 0;
		};
		178B5A3F193E9A9B00774EE0 /* Resources */ = {
			isa = PBXResourcesBuildPhase;
			buildActionMask = 2147483647;
			files = (
			);
			runOnlyForDeploymentPostprocessing = 0;
		};
/* End PBXResourcesBuildPhase section */

/* Begin PBXSourcesBuildPhase section */
		178B5A2B193E9A9A00774EE0 /* Sources */ = {
			isa = PBXSourcesBuildPhase;
			buildActionMask = 2147483647;
			files = (
				178B5A52193E9AC200774EE0 /* JCDateGetter.swift in Sources */,
				178B5A37193E9A9A00774EE0 /* ViewController.swift in Sources */,
				178B5A35193E9A9A00774EE0 /* AppDelegate.swift in Sources */,
			);
			runOnlyForDeploymentPostprocessing = 0;
		};
		178B5A3D193E9A9B00774EE0 /* Sources */ = {
			isa = PBXSourcesBuildPhase;
			buildActionMask = 2147483647;
			files = (
				178B5A48193E9A9B00774EE0 /* JCDateGetterTests.swift in Sources */,
			);
			runOnlyForDeploymentPostprocessing = 0;
		};
/* End PBXSourcesBuildPhase section */

/* Begin PBXTargetDependency section */
		178B5A43193E9A9B00774EE0 /* PBXTargetDependency */ = {
			isa = PBXTargetDependency;
			target = 178B5A2E193E9A9A00774EE0 /* JCDateGetter */;
			targetProxy = 178B5A42193E9A9B00774EE0 /* PBXContainerItemProxy */;
		};
/* End PBXTargetDependency section */

/* Begin PBXVariantGroup section */
		178B5A38193E9A9A00774EE0 /* Main.storyboard */ = {
			isa = PBXVariantGroup;
			children = (
				178B5A39193E9A9A00774EE0 /* Base */,
			);
			name = Main.storyboard;
			sourceTree = "<group>";
		};
/* End PBXVariantGroup section */

/* Begin XCBuildConfiguration section */
		178B5A49193E9A9B00774EE0 /* Debug */ = {
			isa = XCBuildConfiguration;
			buildSettings = {
				ALWAYS_SEARCH_USER_PATHS = NO;
				CLANG_CXX_LANGUAGE_STANDARD = "gnu++0x";
				CLANG_CXX_LIBRARY = "libc++";
				CLANG_ENABLE_MODULES = YES;
				CLANG_ENABLE_OBJC_ARC = YES;
				CLANG_WARN_BOOL_CONVERSION = YES;
				CLANG_WARN_CONSTANT_CONVERSION = YES;
				CLANG_WARN_DIRECT_OBJC_ISA_USAGE = YES_ERROR;
				CLANG_WARN_EMPTY_BODY = YES;
				CLANG_WARN_ENUM_CONVERSION = YES;
				CLANG_WARN_INT_CONVERSION = YES;
				CLANG_WARN_OBJC_ROOT_CLASS = YES_ERROR;
				CLANG_WARN_UNREACHABLE_CODE = YES;
				CLANG_WARN__DUPLICATE_METHOD_MATCH = YES;
				"CODE_SIGN_IDENTITY[sdk=iphoneos*]" = "iPhone Developer";
				COPY_PHASE_STRIP = NO;
				ENABLE_STRICT_OBJC_MSGSEND = YES;
				GCC_C_LANGUAGE_STANDARD = gnu99;
				GCC_DYNAMIC_NO_PIC = NO;
				GCC_OPTIMIZATION_LEVEL = 0;
				GCC_PREPROCESSOR_DEFINITIONS = (
					"DEBUG=1",
					"$(inherited)",
				);
				GCC_SYMBOLS_PRIVATE_EXTERN = NO;
				GCC_WARN_64_TO_32_BIT_CONVERSION = YES;
				GCC_WARN_ABOUT_RETURN_TYPE = YES_ERROR;
				GCC_WARN_UNDECLARED_SELECTOR = YES;
				GCC_WARN_UNINITIALIZED_AUTOS = YES_AGGRESSIVE;
				GCC_WARN_UNUSED_FUNCTION = YES;
				GCC_WARN_UNUSED_VARIABLE = YES;
				IPHONEOS_DEPLOYMENT_TARGET = 8.0;
				METAL_ENABLE_DEBUG_INFO = YES;
				ONLY_ACTIVE_ARCH = YES;
				SDKROOT = iphoneos;
				SWIFT_OPTIMIZATION_LEVEL = "-Onone";
			};
			name = Debug;
		};
		178B5A4A193E9A9B00774EE0 /* Release */ = {
			isa = XCBuildConfiguration;
			buildSettings = {
				ALWAYS_SEARCH_USER_PATHS = NO;
				CLANG_CXX_LANGUAGE_STANDARD = "gnu++0x";
				CLANG_CXX_LIBRARY = "libc++";
				CLANG_ENABLE_MODULES = YES;
				CLANG_ENABLE_OBJC_ARC = YES;
				CLANG_WARN_BOOL_CONVERSION = YES;
				CLANG_WARN_CONSTANT_CONVERSION = YES;
				CLANG_WARN_DIRECT_OBJC_ISA_USAGE = YES_ERROR;
				CLANG_WARN_EMPTY_BODY = YES;
				CLANG_WARN_ENUM_CONVERSION = YES;
				CLANG_WARN_INT_CONVERSION = YES;
				CLANG_WARN_OBJC_ROOT_CLASS = YES_ERROR;
				CLANG_WARN_UNREACHABLE_CODE = YES;
				CLANG_WARN__DUPLICATE_METHOD_MATCH = YES;
				"CODE_SIGN_IDENTITY[sdk=iphoneos*]" = "iPhone Developer";
				COPY_PHASE_STRIP = YES;
				ENABLE_NS_ASSERTIONS = NO;
				ENABLE_STRICT_OBJC_MSGSEND = YES;
				GCC_C_LANGUAGE_STANDARD = gnu99;
				GCC_WARN_64_TO_32_BIT_CONVERSION = YES;
				GCC_WARN_ABOUT_RETURN_TYPE = YES_ERROR;
				GCC_WARN_UNDECLARED_SELECTOR = YES;
				GCC_WARN_UNINITIALIZED_AUTOS = YES_AGGRESSIVE;
				GCC_WARN_UNUSED_FUNCTION = YES;
				GCC_WARN_UNUSED_VARIABLE = YES;
				IPHONEOS_DEPLOYMENT_TARGET = 8.0;
				METAL_ENABLE_DEBUG_INFO = NO;
				SDKROOT = iphoneos;
				VALIDATE_PRODUCT = YES;
			};
			name = Release;
		};
		178B5A4C193E9A9B00774EE0 /* Debug */ = {
			isa = XCBuildConfiguration;
			buildSettings = {
				ASSETCATALOG_COMPILER_APPICON_NAME = AppIcon;
				ASSETCATALOG_COMPILER_LAUNCHIMAGE_NAME = LaunchImage;
				INFOPLIST_FILE = JCDateGetter/Info.plist;
				LD_RUNPATH_SEARCH_PATHS = "$(inherited) @executable_path/Frameworks";
				PRODUCT_NAME = "$(TARGET_NAME)";
			};
			name = Debug;
		};
		178B5A4D193E9A9B00774EE0 /* Release */ = {
			isa = XCBuildConfiguration;
			buildSettings = {
				ASSETCATALOG_COMPILER_APPICON_NAME = AppIcon;
				ASSETCATALOG_COMPILER_LAUNCHIMAGE_NAME = LaunchImage;
				INFOPLIST_FILE = JCDateGetter/Info.plist;
				LD_RUNPATH_SEARCH_PATHS = "$(inherited) @executable_path/Frameworks";
				PRODUCT_NAME = "$(TARGET_NAME)";
			};
			name = Release;
		};
		178B5A4F193E9A9B00774EE0 /* Debug */ = {
			isa = XCBuildConfiguration;
			buildSettings = {
				BUNDLE_LOADER = "$(BUILT_PRODUCTS_DIR)/JCDateGetter.app/JCDateGetter";
				FRAMEWORK_SEARCH_PATHS = (
					"$(SDKROOT)/Developer/Library/Frameworks",
					"$(inherited)",
				);
				GCC_PREPROCESSOR_DEFINITIONS = (
					"DEBUG=1",
					"$(inherited)",
				);
				INFOPLIST_FILE = JCDateGetterTests/Info.plist;
				LD_RUNPATH_SEARCH_PATHS = "$(inherited) @executable_path/Frameworks @loader_path/Frameworks";
				METAL_ENABLE_DEBUG_INFO = YES;
				PRODUCT_NAME = "$(TARGET_NAME)";
				TEST_HOST = "$(BUNDLE_LOADER)";
			};
			name = Debug;
		};
		178B5A50193E9A9B00774EE0 /* Release */ = {
			isa = XCBuildConfiguration;
			buildSettings = {
				BUNDLE_LOADER = "$(BUILT_PRODUCTS_DIR)/JCDateGetter.app/JCDateGetter";
				FRAMEWORK_SEARCH_PATHS = (
					"$(SDKROOT)/Developer/Library/Frameworks",
					"$(inherited)",
				);
				INFOPLIST_FILE = JCDateGetterTests/Info.plist;
				LD_RUNPATH_SEARCH_PATHS = "$(inherited) @executable_path/Frameworks @loader_path/Frameworks";
				METAL_ENABLE_DEBUG_INFO = NO;
				PRODUCT_NAME = "$(TARGET_NAME)";
				TEST_HOST = "$(BUNDLE_LOADER)";
			};
			name = Release;
		};
/* End XCBuildConfiguration section */

/* Begin XCConfigurationList section */
		178B5A2A193E9A9A00774EE0 /* Build configuration list for PBXProject "JCDateGetter" */ = {
			isa = XCConfigurationList;
			buildConfigurations = (
				178B5A49193E9A9B00774EE0 /* Debug */,
				178B5A4A193E9A9B00774EE0 /* Release */,
			);
			defaultConfigurationIsVisible = 0;
			defaultConfigurationName = Release;
		};
		178B5A4B193E9A9B00774EE0 /* Build configuration list for PBXNativeTarget "JCDateGetter" */ = {
			isa = XCConfigurationList;
			buildConfigurations = (
				178B5A4C193E9A9B00774EE0 /* Debug */,
				178B5A4D193E9A9B00774EE0 /* Release */,
			);
			defaultConfigurationIsVisible = 0;
		};
		178B5A4E193E9A9B00774EE0 /* Build configuration list for PBXNativeTarget "JCDateGetterTests" */ = {
			isa = XCConfigurationList;
			buildConfigurations = (
				178B5A4F193E9A9B00774EE0 /* Debug */,
				178B5A50193E9A9B00774EE0 /* Release */,
			);
			defaultConfigurationIsVisible = 0;
		};
/* End XCConfigurationList section */
	};
	rootObject = 178B5A27193E9A9A00774EE0 /* Project object */;
}
